Microsoft Visual Studio Solution File, Format Version 11.00
# Visual Studio 2010
Project("{8BC9CEB8-8B4A-11D0-8D11-00A0C91BC942}") = "Multistage2015", "Multistage2015.vcxproj", "{BB20C850-0AC2-4470-8E5B-6FE0AE1266C0}"
EndProject
Project("{8BC9CEB8-8B4A-11D0-8D11-00A0C91BC942}") = "Multistage2015_MFD", "..\..\Orbitersdk\samples\Multistage2015_MFD\Multistage2015_MFD.vcxproj", "{4266432A-BB4C-4CA4-B693-9E6FA85DED24}"
EndProject
Project("{8BC9CEB8-8B4A-11D0-8D11-00A0C91BC942}") = "EmptyModule", "..\EmptyModule\EmptyModule.vcxproj", "{1DA48BDD-D3DB-421C-A742-E0F2FB4CDC9E}"
EndProject
Project("{8BC9CEB8-8B4A-11D0-8D11-00A0C91BC942}") = "MS_Crawler", "..\Crawler\Crawler.vcxproj", "{7D7B28A0-9630-49C5-9F57-C312AE9DA7D8}"
EndProject
Project("{8BC9CEB8-8B4A-11D0-8D11-00A0C91BC942}") = "MS_Hangar", "..\MS_Hangar\MS_Hangar.vcxproj", "{B0723691-7CAC-45BF-80AA-2BBF827E71F1}"
EndProject
Project("{8BC9CEB8-8B4A-11D0-8D11-00A0C91BC942}") = "MS_Camera", "..\MS_Camera\MS_Camera.vcxproj", "{7688F002-694B-43E4-B024-F587B914DC0D}"
EndProject
Project("{8BC9CEB8-8B4A-11D0-8D11-00A0C91BC942}") = "boom", "..\boom\boom.vcxproj", "{5F6AE360-63D8-4435-A587-5C3D309C5584}"
EndProject
Global
	GlobalSection(SolutionConfigurationPlatforms) = preSolution
		Debug|Win32 = Debug|Win32
		Release|Win32 = Release|Win32
	EndGlobalSection
	GlobalSection(ProjectConfigurationPlatforms) = postSolution
		{BB20C850-0AC2-4470-8E5B-6FE0AE1266C0}.Debug|Win32.ActiveCfg = Debug|Win32
		{BB20C850-0AC2-4470-8E5B-6FE0AE1266C0}.Debug|Win32.Build.0 = Debug|Win32
		{BB20C850-0AC2-4470-8E5B-6FE0AE1266C0}.Release|Win32.ActiveCfg = Release|Win32
		{BB20C850-0AC2-4470-8E5B-6FE0AE1266C0}.Release|Win32.Build.0 = Release|Win32
		{4266432A-BB4C-4CA4-B693-9E6FA85DED24}.Debug|Win32.ActiveCfg = Debug|Win32
		{4266432A-BB4C-4CA4-B693-9E6FA85DED24}.Debug|Win32.Build.0 = Debug|Win32
		{4266432A-BB4C-4CA4-B693-9E6FA85DED24}.Release|Win32.ActiveCfg = Release|Win32
		{4266432A-BB4C-4CA4-B693-9E6FA85DED24}.Release|Win32.Build.0 = Release|Win32
		{1DA48BDD-D3DB-421C-A742-E0F2FB4CDC9E}.Debug|Win32.ActiveCfg = Debug|Win32
		{1DA48BDD-D3DB-421C-A742-E0F2FB4CDC9E}.Debug|Win32.Build.0 = Debug|Win32
		{1DA48BDD-D3DB-421C-A742-E0F2FB4CDC9E}.Release|Win32.ActiveCfg = Release|Win32
		{1DA48BDD-D3DB-421C-A742-E0F2FB4CDC9E}.Release|Win32.Build.0 = Release|Win32
		{7D7B28A0-9630-49C5-9F57-C312AE9DA7D8}.Debug|Win32.ActiveCfg = Debug|Win32
		{7D7B28A0-9630-49C5-9F57-C312AE9DA7D8}.Debug|Win32.Build.0 = Debug|Win32
		{7D7B28A0-9630-49C5-9F57-C312AE9DA7D8}.Release|Win32.ActiveCfg = Release|Win32
		{7D7B28A0-9630-49C5-9F57-C312AE9DA7D8}.Release|Win32.Build.0 = Release|Win32
		{B0723691-7CAC-45BF-80AA-2BBF827E71F1}.Debug|Win32.ActiveCfg = Debug|Win32
		{B0723691-7CAC-45BF-80AA-2BBF827E71F1}.Debug|Win32.Build.0 = Debug|Win32
		{B0723691-7CAC-45BF-80AA-2BBF827E71F1}.Release|Win32.ActiveCfg = Release|Win32
		{B0723691-7CAC-45BF-80AA-2BBF827E71F1}.Release|Win32.Build.0 = Release|Win32
		{7688F002-694B-43E4-B024-F587B914DC0D}.Debug|Win32.ActiveCfg = Debug|Win32
		{7688F002-694B-43E4-B024-F587B914DC0D}.Debug|Win32.Build.0 = Debug|Win32
		{7688F002-694B-43E4-B024-F587B914DC0D}.Release|Win32.ActiveCfg = Release|Win32
		{7688F002-694B-43E4-B024-F587B914DC0D}.Release|Win32.Build.0 = Release|Win32
		{5F6AE360-63D8-4435-A587-5C3D309C5584}.Debug|Win32.ActiveCfg = Debug|Win32
		{5F6AE360-63D8-4435-A587-5C3D309C5584}.Debug|Win32.Build.0 = Debug|Win32
		{5F6AE360-63D8-4435-A587-5C3D309C5584}.Release|Win32.ActiveCfg = Release|Win32
		{5F6AE360-63D8-4435-A587-5C3D309C5584}.Release|Win32.Build.0 = Release|Win32
	EndGlobalSection
	GlobalSection(SolutionProperties) = preSolution
		HideSolutionNode = FALSE
	EndGlobalSection
EndGlobal
