
Microsoft Visual Studio Solution File, Format Version 11.00
# Visual Studio 2010
Project("{8BC9CEB8-8B4A-11D0-8D11-00A0C91BC942}") = "EmptyModule", "EmptyModule.vcxproj", "{BB20C850-0AC2-4470-8E5B-6FE0AE1266C0}"
EndProject
Global
	GlobalSection(SolutionConfigurationPlatforms) = preSolution
		Debug|Win32 = Debug|Win32
		Release|Win32 = Release|Win32
	EndGlobalSection
	GlobalSection(ProjectConfigurationPlatforms) = postSolution
		{BB20C850-0AC2-4470-8E5B-6FE0AE1266C0}.Debug|Win32.ActiveCfg = Debug|Win32
		{BB20C850-0AC2-4470-8E5B-6FE0AE1266C0}.Debug|Win32.Build.0 = Debug|Win32
		{BB20C850-0AC2-4470-8E5B-6FE0AE1266C0}.Release|Win32.ActiveCfg = Release|Win32
		{BB20C850-0AC2-4470-8E5B-6FE0AE1266C0}.Release|Win32.Build.0 = Release|Win32
	EndGlobalSection
	GlobalSection(SolutionProperties) = preSolution
		HideSolutionNode = FALSE
	EndGlobalSection
EndGlobal
